
Microsoft Visual Studio Solution File, Format Version 12.00
# Visual Studio 14
VisualStudioVersion = 14.0.22609.0
MinimumVisualStudioVersion = 10.0.40219.1
Project("{FAE04EC0-301F-11D3-BF4B-00C04F79EFBC}") = "testAndroid", "testAndroid\testAndroid.csproj", "{B7683596-4E0D-47E6-8096-EB8DC369935A}"
EndProject
Project("{FAE04EC0-301F-11D3-BF4B-00C04F79EFBC}") = "testWP81", "testWP81\testWP81.csproj", "{66EC9D8A-3420-4956-97C1-C4989B156383}"
EndProject
Project("{D954291E-2A0B-460D-934E-DC6B0785DB48}") = "SharedProject1", "SharedProject1\SharedProject1.shproj", "{C76D09FA-5473-4D81-B1CC-BC0F8EFA9ECF}"
EndProject
Project("{FAE04EC0-301F-11D3-BF4B-00C04F79EFBC}") = "testiOSSingleView", "testiOSSingleView\testiOSSingleView.csproj", "{F41BD4FC-8724-4758-90CC-14242CED5DEB}"
EndProject
Global
	GlobalSection(SharedMSBuildProjectFiles) = preSolution
		SharedProject1\SharedProject1.projitems*{66ec9d8a-3420-4956-97c1-c4989b156383}*SharedItemsImports = 4
		SharedProject1\SharedProject1.projitems*{b7683596-4e0d-47e6-8096-eb8dc369935a}*SharedItemsImports = 4
		SharedProject1\SharedProject1.projitems*{c76d09fa-5473-4d81-b1cc-bc0f8efa9ecf}*SharedItemsImports = 13
		SharedProject1\SharedProject1.projitems*{f41bd4fc-8724-4758-90cc-14242ced5deb}*SharedItemsImports = 4
	EndGlobalSection
	GlobalSection(SolutionConfigurationPlatforms) = preSolution
		Ad-Hoc|Any CPU = Ad-Hoc|Any CPU
		Ad-Hoc|ARM = Ad-Hoc|ARM
		Ad-Hoc|iPhone = Ad-Hoc|iPhone
		Ad-Hoc|iPhoneSimulator = Ad-Hoc|iPhoneSimulator
		Ad-Hoc|x64 = Ad-Hoc|x64
		Ad-Hoc|x86 = Ad-Hoc|x86
		AppStore|Any CPU = AppStore|Any CPU
		AppStore|ARM = AppStore|ARM
		AppStore|iPhone = AppStore|iPhone
		AppStore|iPhoneSimulator = AppStore|iPhoneSimulator
		AppStore|x64 = AppStore|x64
		AppStore|x86 = AppStore|x86
		Debug_Android|Any CPU = Debug_Android|Any CPU
		Debug_Android|ARM = Debug_Android|ARM
		Debug_Android|iPhone = Debug_Android|iPhone
		Debug_Android|iPhoneSimulator = Debug_Android|iPhoneSimulator
		Debug_Android|x64 = Debug_Android|x64
		Debug_Android|x86 = Debug_Android|x86
		Debug|Any CPU = Debug|Any CPU
		Debug|ARM = Debug|ARM
		Debug|iPhone = Debug|iPhone
		Debug|iPhoneSimulator = Debug|iPhoneSimulator
		Debug|x64 = Debug|x64
		Debug|x86 = Debug|x86
		Release|Any CPU = Release|Any CPU
		Release|ARM = Release|ARM
		Release|iPhone = Release|iPhone
		Release|iPhoneSimulator = Release|iPhoneSimulator
		Release|x64 = Release|x64
		Release|x86 = Release|x86
	EndGlobalSection
	GlobalSection(ProjectConfigurationPlatforms) = postSolution
		{B7683596-4E0D-47E6-8096-EB8DC369935A}.Ad-Hoc|Any CPU.ActiveCfg = Release|Any CPU
		{B7683596-4E0D-47E6-8096-EB8DC369935A}.Ad-Hoc|Any CPU.Build.0 = Release|Any CPU
		{B7683596-4E0D-47E6-8096-EB8DC369935A}.Ad-Hoc|Any CPU.Deploy.0 = Release|Any CPU
		{B7683596-4E0D-47E6-8096-EB8DC369935A}.Ad-Hoc|ARM.ActiveCfg = Release|Any CPU
		{B7683596-4E0D-47E6-8096-EB8DC369935A}.Ad-Hoc|ARM.Build.0 = Release|Any CPU
		{B7683596-4E0D-47E6-8096-EB8DC369935A}.Ad-Hoc|ARM.Deploy.0 = Release|Any CPU
		{B7683596-4E0D-47E6-8096-EB8DC369935A}.Ad-Hoc|iPhone.ActiveCfg = Release|Any CPU
		{B7683596-4E0D-47E6-8096-EB8DC369935A}.Ad-Hoc|iPhone.Build.0 = Release|Any CPU
		{B7683596-4E0D-47E6-8096-EB8DC369935A}.Ad-Hoc|iPhone.Deploy.0 = Release|Any CPU
		{B7683596-4E0D-47E6-8096-EB8DC369935A}.Ad-Hoc|iPhoneSimulator.ActiveCfg = Release|Any CPU
		{B7683596-4E0D-47E6-8096-EB8DC369935A}.Ad-Hoc|iPhoneSimulator.Build.0 = Release|Any CPU
		{B7683596-4E0D-47E6-8096-EB8DC369935A}.Ad-Hoc|iPhoneSimulator.Deploy.0 = Release|Any CPU
		{B7683596-4E0D-47E6-8096-EB8DC369935A}.Ad-Hoc|x64.ActiveCfg = Release|Any CPU
		{B7683596-4E0D-47E6-8096-EB8DC369935A}.Ad-Hoc|x64.Build.0 = Release|Any CPU
		{B7683596-4E0D-47E6-8096-EB8DC369935A}.Ad-Hoc|x64.Deploy.0 = Release|Any CPU
		{B7683596-4E0D-47E6-8096-EB8DC369935A}.Ad-Hoc|x86.ActiveCfg = Release|Any CPU
		{B7683596-4E0D-47E6-8096-EB8DC369935A}.Ad-Hoc|x86.Build.0 = Release|Any CPU
		{B7683596-4E0D-47E6-8096-EB8DC369935A}.Ad-Hoc|x86.Deploy.0 = Release|Any CPU
		{B7683596-4E0D-47E6-8096-EB8DC369935A}.AppStore|Any CPU.ActiveCfg = Release|Any CPU
		{B7683596-4E0D-47E6-8096-EB8DC369935A}.AppStore|Any CPU.Build.0 = Release|Any CPU
		{B7683596-4E0D-47E6-8096-EB8DC369935A}.AppStore|Any CPU.Deploy.0 = Release|Any CPU
		{B7683596-4E0D-47E6-8096-EB8DC369935A}.AppStore|ARM.ActiveCfg = Release|Any CPU
		{B7683596-4E0D-47E6-8096-EB8DC369935A}.AppStore|ARM.Build.0 = Release|Any CPU
		{B7683596-4E0D-47E6-8096-EB8DC369935A}.AppStore|ARM.Deploy.0 = Release|Any CPU
		{B7683596-4E0D-47E6-8096-EB8DC369935A}.AppStore|iPhone.ActiveCfg = Release|Any CPU
		{B7683596-4E0D-47E6-8096-EB8DC369935A}.AppStore|iPhone.Build.0 = Release|Any CPU
		{B7683596-4E0D-47E6-8096-EB8DC369935A}.AppStore|iPhone.Deploy.0 = Release|Any CPU
		{B7683596-4E0D-47E6-8096-EB8DC369935A}.AppStore|iPhoneSimulator.ActiveCfg = Release|Any CPU
		{B7683596-4E0D-47E6-8096-EB8DC369935A}.AppStore|iPhoneSimulator.Build.0 = Release|Any CPU
		{B7683596-4E0D-47E6-8096-EB8DC369935A}.AppStore|iPhoneSimulator.Deploy.0 = Release|Any CPU
		{B7683596-4E0D-47E6-8096-EB8DC369935A}.AppStore|x64.ActiveCfg = Release|Any CPU
		{B7683596-4E0D-47E6-8096-EB8DC369935A}.AppStore|x64.Build.0 = Release|Any CPU
		{B7683596-4E0D-47E6-8096-EB8DC369935A}.AppStore|x64.Deploy.0 = Release|Any CPU
		{B7683596-4E0D-47E6-8096-EB8DC369935A}.AppStore|x86.ActiveCfg = Release|Any CPU
		{B7683596-4E0D-47E6-8096-EB8DC369935A}.AppStore|x86.Build.0 = Release|Any CPU
		{B7683596-4E0D-47E6-8096-EB8DC369935A}.AppStore|x86.Deploy.0 = Release|Any CPU
		{B7683596-4E0D-47E6-8096-EB8DC369935A}.Debug_Android|Any CPU.ActiveCfg = Debug|Any CPU
		{B7683596-4E0D-47E6-8096-EB8DC369935A}.Debug_Android|Any CPU.Build.0 = Debug|Any CPU
		{B7683596-4E0D-47E6-8096-EB8DC369935A}.Debug_Android|Any CPU.Deploy.0 = Debug|Any CPU
		{B7683596-4E0D-47E6-8096-EB8DC369935A}.Debug_Android|ARM.ActiveCfg = Debug_Android|Any CPU
		{B7683596-4E0D-47E6-8096-EB8DC369935A}.Debug_Android|ARM.Build.0 = Debug_Android|Any CPU
		{B7683596-4E0D-47E6-8096-EB8DC369935A}.Debug_Android|ARM.Deploy.0 = Debug_Android|Any CPU
		{B7683596-4E0D-47E6-8096-EB8DC369935A}.Debug_Android|iPhone.ActiveCfg = Debug_Android|Any CPU
		{B7683596-4E0D-47E6-8096-EB8DC369935A}.Debug_Android|iPhone.Build.0 = Debug_Android|Any CPU
		{B7683596-4E0D-47E6-8096-EB8DC369935A}.Debug_Android|iPhone.Deploy.0 = Debug_Android|Any CPU
		{B7683596-4E0D-47E6-8096-EB8DC369935A}.Debug_Android|iPhoneSimulator.ActiveCfg = Debug_Android|Any CPU
		{B7683596-4E0D-47E6-8096-EB8DC369935A}.Debug_Android|iPhoneSimulator.Build.0 = Debug_Android|Any CPU
		{B7683596-4E0D-47E6-8096-EB8DC369935A}.Debug_Android|iPhoneSimulator.Deploy.0 = Debug_Android|Any CPU
		{B7683596-4E0D-47E6-8096-EB8DC369935A}.Debug_Android|x64.ActiveCfg = Debug_Android|Any CPU
		{B7683596-4E0D-47E6-8096-EB8DC369935A}.Debug_Android|x64.Build.0 = Debug_Android|Any CPU
		{B7683596-4E0D-47E6-8096-EB8DC369935A}.Debug_Android|x64.Deploy.0 = Debug_Android|Any CPU
		{B7683596-4E0D-47E6-8096-EB8DC369935A}.Debug_Android|x86.ActiveCfg = Debug_Android|Any CPU
		{B7683596-4E0D-47E6-8096-EB8DC369935A}.Debug_Android|x86.Build.0 = Debug_Android|Any CPU
		{B7683596-4E0D-47E6-8096-EB8DC369935A}.Debug_Android|x86.Deploy.0 = Debug_Android|Any CPU
		{B7683596-4E0D-47E6-8096-EB8DC369935A}.Debug|Any CPU.ActiveCfg = Debug|Any CPU
		{B7683596-4E0D-47E6-8096-EB8DC369935A}.Debug|Any CPU.Build.0 = Debug|Any CPU
		{B7683596-4E0D-47E6-8096-EB8DC369935A}.Debug|Any CPU.Deploy.0 = Debug|Any CPU
		{B7683596-4E0D-47E6-8096-EB8DC369935A}.Debug|ARM.ActiveCfg = Debug|Any CPU
		{B7683596-4E0D-47E6-8096-EB8DC369935A}.Debug|ARM.Build.0 = Debug|Any CPU
		{B7683596-4E0D-47E6-8096-EB8DC369935A}.Debug|ARM.Deploy.0 = Debug|Any CPU
		{B7683596-4E0D-47E6-8096-EB8DC369935A}.Debug|iPhone.ActiveCfg = Debug|Any CPU
		{B7683596-4E0D-47E6-8096-EB8DC369935A}.Debug|iPhone.Build.0 = Debug|Any CPU
		{B7683596-4E0D-47E6-8096-EB8DC369935A}.Debug|iPhone.Deploy.0 = Debug|Any CPU
		{B7683596-4E0D-47E6-8096-EB8DC369935A}.Debug|iPhoneSimulator.ActiveCfg = Debug|Any CPU
		{B7683596-4E0D-47E6-8096-EB8DC369935A}.Debug|iPhoneSimulator.Build.0 = Debug|Any CPU
		{B7683596-4E0D-47E6-8096-EB8DC369935A}.Debug|iPhoneSimulator.Deploy.0 = Debug|Any CPU
		{B7683596-4E0D-47E6-8096-EB8DC369935A}.Debug|x64.ActiveCfg = Debug|Any CPU
		{B7683596-4E0D-47E6-8096-EB8DC369935A}.Debug|x64.Build.0 = Debug|Any CPU
		{B7683596-4E0D-47E6-8096-EB8DC369935A}.Debug|x64.Deploy.0 = Debug|Any CPU
		{B7683596-4E0D-47E6-8096-EB8DC369935A}.Debug|x86.ActiveCfg = Debug|Any CPU
		{B7683596-4E0D-47E6-8096-EB8DC369935A}.Debug|x86.Build.0 = Debug|Any CPU
		{B7683596-4E0D-47E6-8096-EB8DC369935A}.Debug|x86.Deploy.0 = Debug|Any CPU
		{B7683596-4E0D-47E6-8096-EB8DC369935A}.Release|Any CPU.ActiveCfg = Release|Any CPU
		{B7683596-4E0D-47E6-8096-EB8DC369935A}.Release|Any CPU.Build.0 = Release|Any CPU
		{B7683596-4E0D-47E6-8096-EB8DC369935A}.Release|Any CPU.Deploy.0 = Release|Any CPU
		{B7683596-4E0D-47E6-8096-EB8DC369935A}.Release|ARM.ActiveCfg = Release|Any CPU
		{B7683596-4E0D-47E6-8096-EB8DC369935A}.Release|ARM.Build.0 = Release|Any CPU
		{B7683596-4E0D-47E6-8096-EB8DC369935A}.Release|ARM.Deploy.0 = Release|Any CPU
		{B7683596-4E0D-47E6-8096-EB8DC369935A}.Release|iPhone.ActiveCfg = Release|Any CPU
		{B7683596-4E0D-47E6-8096-EB8DC369935A}.Release|iPhone.Build.0 = Release|Any CPU
		{B7683596-4E0D-47E6-8096-EB8DC369935A}.Release|iPhone.Deploy.0 = Release|Any CPU
		{B7683596-4E0D-47E6-8096-EB8DC369935A}.Release|iPhoneSimulator.ActiveCfg = Release|Any CPU
		{B7683596-4E0D-47E6-8096-EB8DC369935A}.Release|iPhoneSimulator.Build.0 = Release|Any CPU
		{B7683596-4E0D-47E6-8096-EB8DC369935A}.Release|iPhoneSimulator.Deploy.0 = Release|Any CPU
		{B7683596-4E0D-47E6-8096-EB8DC369935A}.Release|x64.ActiveCfg = Release|Any CPU
		{B7683596-4E0D-47E6-8096-EB8DC369935A}.Release|x64.Build.0 = Release|Any CPU
		{B7683596-4E0D-47E6-8096-EB8DC369935A}.Release|x64.Deploy.0 = Release|Any CPU
		{B7683596-4E0D-47E6-8096-EB8DC369935A}.Release|x86.ActiveCfg = Release|Any CPU
		{B7683596-4E0D-47E6-8096-EB8DC369935A}.Release|x86.Build.0 = Release|Any CPU
		{B7683596-4E0D-47E6-8096-EB8DC369935A}.Release|x86.Deploy.0 = Release|Any CPU
		{66EC9D8A-3420-4956-97C1-C4989B156383}.Ad-Hoc|Any CPU.ActiveCfg = Release|Any CPU
		{66EC9D8A-3420-4956-97C1-C4989B156383}.Ad-Hoc|Any CPU.Build.0 = Release|Any CPU
		{66EC9D8A-3420-4956-97C1-C4989B156383}.Ad-Hoc|Any CPU.Deploy.0 = Release|Any CPU
		{66EC9D8A-3420-4956-97C1-C4989B156383}.Ad-Hoc|ARM.ActiveCfg = Release|ARM
		{66EC9D8A-3420-4956-97C1-C4989B156383}.Ad-Hoc|ARM.Build.0 = Release|ARM
		{66EC9D8A-3420-4956-97C1-C4989B156383}.Ad-Hoc|ARM.Deploy.0 = Release|ARM
		{66EC9D8A-3420-4956-97C1-C4989B156383}.Ad-Hoc|iPhone.ActiveCfg = Release|Any CPU
		{66EC9D8A-3420-4956-97C1-C4989B156383}.Ad-Hoc|iPhone.Build.0 = Release|Any CPU
		{66EC9D8A-3420-4956-97C1-C4989B156383}.Ad-Hoc|iPhone.Deploy.0 = Release|Any CPU
		{66EC9D8A-3420-4956-97C1-C4989B156383}.Ad-Hoc|iPhoneSimulator.ActiveCfg = Release|Any CPU
		{66EC9D8A-3420-4956-97C1-C4989B156383}.Ad-Hoc|iPhoneSimulator.Build.0 = Release|Any CPU
		{66EC9D8A-3420-4956-97C1-C4989B156383}.Ad-Hoc|iPhoneSimulator.Deploy.0 = Release|Any CPU
		{66EC9D8A-3420-4956-97C1-C4989B156383}.Ad-Hoc|x64.ActiveCfg = Release|Any CPU
		{66EC9D8A-3420-4956-97C1-C4989B156383}.Ad-Hoc|x64.Build.0 = Release|Any CPU
		{66EC9D8A-3420-4956-97C1-C4989B156383}.Ad-Hoc|x64.Deploy.0 = Release|Any CPU
		{66EC9D8A-3420-4956-97C1-C4989B156383}.Ad-Hoc|x86.ActiveCfg = Release|x86
		{66EC9D8A-3420-4956-97C1-C4989B156383}.Ad-Hoc|x86.Build.0 = Release|x86
		{66EC9D8A-3420-4956-97C1-C4989B156383}.Ad-Hoc|x86.Deploy.0 = Release|x86
		{66EC9D8A-3420-4956-97C1-C4989B156383}.AppStore|Any CPU.ActiveCfg = Release|Any CPU
		{66EC9D8A-3420-4956-97C1-C4989B156383}.AppStore|Any CPU.Build.0 = Release|Any CPU
		{66EC9D8A-3420-4956-97C1-C4989B156383}.AppStore|Any CPU.Deploy.0 = Release|Any CPU
		{66EC9D8A-3420-4956-97C1-C4989B156383}.AppStore|ARM.ActiveCfg = Release|ARM
		{66EC9D8A-3420-4956-97C1-C4989B156383}.AppStore|ARM.Build.0 = Release|ARM
		{66EC9D8A-3420-4956-97C1-C4989B156383}.AppStore|ARM.Deploy.0 = Release|ARM
		{66EC9D8A-3420-4956-97C1-C4989B156383}.AppStore|iPhone.ActiveCfg = Release|Any CPU
		{66EC9D8A-3420-4956-97C1-C4989B156383}.AppStore|iPhone.Build.0 = Release|Any CPU
		{66EC9D8A-3420-4956-97C1-C4989B156383}.AppStore|iPhone.Deploy.0 = Release|Any CPU
		{66EC9D8A-3420-4956-97C1-C4989B156383}.AppStore|iPhoneSimulator.ActiveCfg = Release|Any CPU
		{66EC9D8A-3420-4956-97C1-C4989B156383}.AppStore|iPhoneSimulator.Build.0 = Release|Any CPU
		{66EC9D8A-3420-4956-97C1-C4989B156383}.AppStore|iPhoneSimulator.Deploy.0 = Release|Any CPU
		{66EC9D8A-3420-4956-97C1-C4989B156383}.AppStore|x64.ActiveCfg = Release|Any CPU
		{66EC9D8A-3420-4956-97C1-C4989B156383}.AppStore|x64.Build.0 = Release|Any CPU
		{66EC9D8A-3420-4956-97C1-C4989B156383}.AppStore|x64.Deploy.0 = Release|Any CPU
		{66EC9D8A-3420-4956-97C1-C4989B156383}.AppStore|x86.ActiveCfg = Release|x86
		{66EC9D8A-3420-4956-97C1-C4989B156383}.AppStore|x86.Build.0 = Release|x86
		{66EC9D8A-3420-4956-97C1-C4989B156383}.AppStore|x86.Deploy.0 = Release|x86
		{66EC9D8A-3420-4956-97C1-C4989B156383}.Debug_Android|Any CPU.ActiveCfg = Debug|Any CPU
		{66EC9D8A-3420-4956-97C1-C4989B156383}.Debug_Android|ARM.ActiveCfg = Debug_Android|ARM
		{66EC9D8A-3420-4956-97C1-C4989B156383}.Debug_Android|ARM.Build.0 = Debug_Android|ARM
		{66EC9D8A-3420-4956-97C1-C4989B156383}.Debug_Android|ARM.Deploy.0 = Debug_Android|ARM
		{66EC9D8A-3420-4956-97C1-C4989B156383}.Debug_Android|iPhone.ActiveCfg = Debug_Android|Any CPU
		{66EC9D8A-3420-4956-97C1-C4989B156383}.Debug_Android|iPhone.Build.0 = Debug_Android|Any CPU
		{66EC9D8A-3420-4956-97C1-C4989B156383}.Debug_Android|iPhone.Deploy.0 = Debug_Android|Any CPU
		{66EC9D8A-3420-4956-97C1-C4989B156383}.Debug_Android|iPhoneSimulator.ActiveCfg = Debug_Android|Any CPU
		{66EC9D8A-3420-4956-97C1-C4989B156383}.Debug_Android|iPhoneSimulator.Build.0 = Debug_Android|Any CPU
		{66EC9D8A-3420-4956-97C1-C4989B156383}.Debug_Android|iPhoneSimulator.Deploy.0 = Debug_Android|Any CPU
		{66EC9D8A-3420-4956-97C1-C4989B156383}.Debug_Android|x64.ActiveCfg = Debug_Android|Any CPU
		{66EC9D8A-3420-4956-97C1-C4989B156383}.Debug_Android|x64.Build.0 = Debug_Android|Any CPU
		{66EC9D8A-3420-4956-97C1-C4989B156383}.Debug_Android|x64.Deploy.0 = Debug_Android|Any CPU
		{66EC9D8A-3420-4956-97C1-C4989B156383}.Debug_Android|x86.ActiveCfg = Debug_Android|x86
		{66EC9D8A-3420-4956-97C1-C4989B156383}.Debug_Android|x86.Build.0 = Debug_Android|x86
		{66EC9D8A-3420-4956-97C1-C4989B156383}.Debug_Android|x86.Deploy.0 = Debug_Android|x86
		{66EC9D8A-3420-4956-97C1-C4989B156383}.Debug|Any CPU.ActiveCfg = Debug|Any CPU
		{66EC9D8A-3420-4956-97C1-C4989B156383}.Debug|Any CPU.Build.0 = Debug|Any CPU
		{66EC9D8A-3420-4956-97C1-C4989B156383}.Debug|Any CPU.Deploy.0 = Debug|Any CPU
		{66EC9D8A-3420-4956-97C1-C4989B156383}.Debug|ARM.ActiveCfg = Debug|ARM
		{66EC9D8A-3420-4956-97C1-C4989B156383}.Debug|ARM.Build.0 = Debug|ARM
		{66EC9D8A-3420-4956-97C1-C4989B156383}.Debug|ARM.Deploy.0 = Debug|ARM
		{66EC9D8A-3420-4956-97C1-C4989B156383}.Debug|iPhone.ActiveCfg = Debug|Any CPU
		{66EC9D8A-3420-4956-97C1-C4989B156383}.Debug|iPhone.Build.0 = Debug|Any CPU
		{66EC9D8A-3420-4956-97C1-C4989B156383}.Debug|iPhone.Deploy.0 = Debug|Any CPU
		{66EC9D8A-3420-4956-97C1-C4989B156383}.Debug|iPhoneSimulator.ActiveCfg = Debug|Any CPU
		{66EC9D8A-3420-4956-97C1-C4989B156383}.Debug|iPhoneSimulator.Build.0 = Debug|Any CPU
		{66EC9D8A-3420-4956-97C1-C4989B156383}.Debug|iPhoneSimulator.Deploy.0 = Debug|Any CPU
		{66EC9D8A-3420-4956-97C1-C4989B156383}.Debug|x64.ActiveCfg = Debug|Any CPU
		{66EC9D8A-3420-4956-97C1-C4989B156383}.Debug|x64.Build.0 = Debug|Any CPU
		{66EC9D8A-3420-4956-97C1-C4989B156383}.Debug|x64.Deploy.0 = Debug|Any CPU
		{66EC9D8A-3420-4956-97C1-C4989B156383}.Debug|x86.ActiveCfg = Debug|x86
		{66EC9D8A-3420-4956-97C1-C4989B156383}.Debug|x86.Build.0 = Debug|x86
		{66EC9D8A-3420-4956-97C1-C4989B156383}.Debug|x86.Deploy.0 = Debug|x86
		{66EC9D8A-3420-4956-97C1-C4989B156383}.Release|Any CPU.ActiveCfg = Release|Any CPU
		{66EC9D8A-3420-4956-97C1-C4989B156383}.Release|Any CPU.Build.0 = Release|Any CPU
		{66EC9D8A-3420-4956-97C1-C4989B156383}.Release|Any CPU.Deploy.0 = Release|Any CPU
		{66EC9D8A-3420-4956-97C1-C4989B156383}.Release|ARM.ActiveCfg = Release|ARM
		{66EC9D8A-3420-4956-97C1-C4989B156383}.Release|ARM.Build.0 = Release|ARM
		{66EC9D8A-3420-4956-97C1-C4989B156383}.Release|ARM.Deploy.0 = Release|ARM
		{66EC9D8A-3420-4956-97C1-C4989B156383}.Release|iPhone.ActiveCfg = Release|Any CPU
		{66EC9D8A-3420-4956-97C1-C4989B156383}.Release|iPhone.Build.0 = Release|Any CPU
		{66EC9D8A-3420-4956-97C1-C4989B156383}.Release|iPhone.Deploy.0 = Release|Any CPU
		{66EC9D8A-3420-4956-97C1-C4989B156383}.Release|iPhoneSimulator.ActiveCfg = Release|Any CPU
		{66EC9D8A-3420-4956-97C1-C4989B156383}.Release|iPhoneSimulator.Build.0 = Release|Any CPU
		{66EC9D8A-3420-4956-97C1-C4989B156383}.Release|iPhoneSimulator.Deploy.0 = Release|Any CPU
		{66EC9D8A-3420-4956-97C1-C4989B156383}.Release|x64.ActiveCfg = Release|Any CPU
		{66EC9D8A-3420-4956-97C1-C4989B156383}.Release|x64.Build.0 = Release|Any CPU
		{66EC9D8A-3420-4956-97C1-C4989B156383}.Release|x64.Deploy.0 = Release|Any CPU
		{66EC9D8A-3420-4956-97C1-C4989B156383}.Release|x86.ActiveCfg = Release|x86
		{66EC9D8A-3420-4956-97C1-C4989B156383}.Release|x86.Build.0 = Release|x86
		{66EC9D8A-3420-4956-97C1-C4989B156383}.Release|x86.Deploy.0 = Release|x86
		{F41BD4FC-8724-4758-90CC-14242CED5DEB}.Ad-Hoc|Any CPU.ActiveCfg = Ad-Hoc|iPhone
		{F41BD4FC-8724-4758-90CC-14242CED5DEB}.Ad-Hoc|ARM.ActiveCfg = Ad-Hoc|iPhone
		{F41BD4FC-8724-4758-90CC-14242CED5DEB}.Ad-Hoc|iPhone.ActiveCfg = Ad-Hoc|iPhone
		{F41BD4FC-8724-4758-90CC-14242CED5DEB}.Ad-Hoc|iPhone.Build.0 = Ad-Hoc|iPhone
		{F41BD4FC-8724-4758-90CC-14242CED5DEB}.Ad-Hoc|iPhoneSimulator.ActiveCfg = Ad-Hoc|iPhoneSimulator
		{F41BD4FC-8724-4758-90CC-14242CED5DEB}.Ad-Hoc|iPhoneSimulator.Build.0 = Ad-Hoc|iPhoneSimulator
		{F41BD4FC-8724-4758-90CC-14242CED5DEB}.Ad-Hoc|x64.ActiveCfg = Ad-Hoc|iPhone
		{F41BD4FC-8724-4758-90CC-14242CED5DEB}.Ad-Hoc|x86.ActiveCfg = Ad-Hoc|iPhone
		{F41BD4FC-8724-4758-90CC-14242CED5DEB}.AppStore|Any CPU.ActiveCfg = AppStore|iPhone
		{F41BD4FC-8724-4758-90CC-14242CED5DEB}.AppStore|ARM.ActiveCfg = AppStore|iPhone
		{F41BD4FC-8724-4758-90CC-14242CED5DEB}.AppStore|iPhone.ActiveCfg = AppStore|iPhone
		{F41BD4FC-8724-4758-90CC-14242CED5DEB}.AppStore|iPhone.Build.0 = AppStore|iPhone
		{F41BD4FC-8724-4758-90CC-14242CED5DEB}.AppStore|iPhoneSimulator.ActiveCfg = AppStore|iPhoneSimulator
		{F41BD4FC-8724-4758-90CC-14242CED5DEB}.AppStore|iPhoneSimulator.Build.0 = AppStore|iPhoneSimulator
		{F41BD4FC-8724-4758-90CC-14242CED5DEB}.AppStore|x64.ActiveCfg = AppStore|iPhone
		{F41BD4FC-8724-4758-90CC-14242CED5DEB}.AppStore|x86.ActiveCfg = AppStore|iPhone
		{F41BD4FC-8724-4758-90CC-14242CED5DEB}.Debug_Android|Any CPU.ActiveCfg = Debug|iPhone
		{F41BD4FC-8724-4758-90CC-14242CED5DEB}.Debug_Android|ARM.ActiveCfg = Debug_Android|iPhone
		{F41BD4FC-8724-4758-90CC-14242CED5DEB}.Debug_Android|iPhone.ActiveCfg = Debug_Android|iPhone
		{F41BD4FC-8724-4758-90CC-14242CED5DEB}.Debug_Android|iPhoneSimulator.ActiveCfg = Debug_Android|iPhoneSimulator
		{F41BD4FC-8724-4758-90CC-14242CED5DEB}.Debug_Android|x64.ActiveCfg = Debug_Android|iPhone
		{F41BD4FC-8724-4758-90CC-14242CED5DEB}.Debug_Android|x86.ActiveCfg = Debug_Android|iPhone
		{F41BD4FC-8724-4758-90CC-14242CED5DEB}.Debug|Any CPU.ActiveCfg = Debug|iPhone
		{F41BD4FC-8724-4758-90CC-14242CED5DEB}.Debug|ARM.ActiveCfg = Debug|iPhone
		{F41BD4FC-8724-4758-90CC-14242CED5DEB}.Debug|iPhone.ActiveCfg = Debug|iPhone
		{F41BD4FC-8724-4758-90CC-14242CED5DEB}.Debug|iPhone.Build.0 = Debug|iPhone
		{F41BD4FC-8724-4758-90CC-14242CED5DEB}.Debug|iPhoneSimulator.ActiveCfg = Debug|iPhoneSimulator
		{F41BD4FC-8724-4758-90CC-14242CED5DEB}.Debug|iPhoneSimulator.Build.0 = Debug|iPhoneSimulator
		{F41BD4FC-8724-4758-90CC-14242CED5DEB}.Debug|x64.ActiveCfg = Debug|iPhone
		{F41BD4FC-8724-4758-90CC-14242CED5DEB}.Debug|x86.ActiveCfg = Debug|iPhone
		{F41BD4FC-8724-4758-90CC-14242CED5DEB}.Release|Any CPU.ActiveCfg = Release|iPhone
		{F41BD4FC-8724-4758-90CC-14242CED5DEB}.Release|ARM.ActiveCfg = Release|iPhone
		{F41BD4FC-8724-4758-90CC-14242CED5DEB}.Release|iPhone.ActiveCfg = Release|iPhone
		{F41BD4FC-8724-4758-90CC-14242CED5DEB}.Release|iPhone.Build.0 = Release|iPhone
		{F41BD4FC-8724-4758-90CC-14242CED5DEB}.Release|iPhoneSimulator.ActiveCfg = Release|iPhoneSimulator
		{F41BD4FC-8724-4758-90CC-14242CED5DEB}.Release|iPhoneSimulator.Build.0 = Release|iPhoneSimulator
		{F41BD4FC-8724-4758-90CC-14242CED5DEB}.Release|x64.ActiveCfg = Release|iPhone
		{F41BD4FC-8724-4758-90CC-14242CED5DEB}.Release|x86.ActiveCfg = Release|iPhone
	EndGlobalSection
	GlobalSection(SolutionProperties) = preSolution
		HideSolutionNode = FALSE
	EndGlobalSection
EndGlobal
